
Microsoft Visual Studio Solution File, Format Version 12.00
# Visual Studio Version 17
VisualStudioVersion = 17.13.35931.197
MinimumVisualStudioVersion = 10.0.40219.1
Project("{FAE04EC0-301F-11D3-BF4B-00C04F79EFBC}") = "AIMarketplace.BL", "AIMarketplace.BL\AIMarketplace.BL.csproj", "{DB872F74-D804-4B45-954E-459E9B4486B9}"
EndProject
Project("{FAE04EC0-301F-11D3-BF4B-00C04F79EFBC}") = "AIMarketplace.DAL", "AIMarketplace.DAL\AIMarketplace.DAL.csproj", "{39C2949C-CAE4-4715-B7E6-EDC80F18EA89}"
EndProject
Project("{FAE04EC0-301F-11D3-BF4B-00C04F79EFBC}") = "AIMarketplace.Api", "AIMarketplace.Api\AIMarketplace.Api.csproj", "{7BEFDD8F-39AD-7908-AAC9-75A08FC05B4B}"
EndProject
Global
	GlobalSection(SolutionConfigurationPlatforms) = preSolution
		Debug|Any CPU = Debug|Any CPU
		Release|Any CPU = Release|Any CPU
	EndGlobalSection
	GlobalSection(ProjectConfigurationPlatforms) = postSolution
		{DB872F74-D804-4B45-954E-459E9B4486B9}.Debug|Any CPU.ActiveCfg = Debug|Any CPU
		{DB872F74-D804-4B45-954E-459E9B4486B9}.Debug|Any CPU.Build.0 = Debug|Any CPU
		{DB872F74-D804-4B45-954E-459E9B4486B9}.Release|Any CPU.ActiveCfg = Release|Any CPU
		{DB872F74-D804-4B45-954E-459E9B4486B9}.Release|Any CPU.Build.0 = Release|Any CPU
		{39C2949C-CAE4-4715-B7E6-EDC80F18EA89}.Debug|Any CPU.ActiveCfg = Debug|Any CPU
		{39C2949C-CAE4-4715-B7E6-EDC80F18EA89}.Debug|Any CPU.Build.0 = Debug|Any CPU
		{39C2949C-CAE4-4715-B7E6-EDC80F18EA89}.Release|Any CPU.ActiveCfg = Release|Any CPU
		{39C2949C-CAE4-4715-B7E6-EDC80F18EA89}.Release|Any CPU.Build.0 = Release|Any CPU
		{7BEFDD8F-39AD-7908-AAC9-75A08FC05B4B}.Debug|Any CPU.ActiveCfg = Debug|Any CPU
		{7BEFDD8F-39AD-7908-AAC9-75A08FC05B4B}.Debug|Any CPU.Build.0 = Debug|Any CPU
		{7BEFDD8F-39AD-7908-AAC9-75A08FC05B4B}.Release|Any CPU.ActiveCfg = Release|Any CPU
		{7BEFDD8F-39AD-7908-AAC9-75A08FC05B4B}.Release|Any CPU.Build.0 = Release|Any CPU
	EndGlobalSection
	GlobalSection(SolutionProperties) = preSolution
		HideSolutionNode = FALSE
	EndGlobalSection
	GlobalSection(ExtensibilityGlobals) = postSolution
		SolutionGuid = {F28246A6-1C14-4174-A547-9615E4F37DE4}
	EndGlobalSection
EndGlobal
